
Microsoft Visual Studio Solution File, Format Version 12.00
# Visual Studio Version 16
VisualStudioVersion = 16.0.31729.503
MinimumVisualStudioVersion = 10.0.40219.1
Project("{FAE04EC0-301F-11D3-BF4B-00C04F79EFBC}") = "fastcalculating", "fastcalculating.csproj", "{0C7EA0C8-D45C-4362-AF63-F3F20877AFDF}"
EndProject
Global
	GlobalSection(SolutionConfigurationPlatforms) = preSolution
		Debug|Any CPU = Debug|Any CPU
		Release|Any CPU = Release|Any CPU
	EndGlobalSection
	GlobalSection(ProjectConfigurationPlatforms) = postSolution
		{0C7EA0C8-D45C-4362-AF63-F3F20877AFDF}.Debug|Any CPU.ActiveCfg = Debug|Any CPU
		{0C7EA0C8-D45C-4362-AF63-F3F20877AFDF}.Debug|Any CPU.Build.0 = Debug|Any CPU
		{0C7EA0C8-D45C-4362-AF63-F3F20877AFDF}.Release|Any CPU.ActiveCfg = Release|Any CPU
		{0C7EA0C8-D45C-4362-AF63-F3F20877AFDF}.Release|Any CPU.Build.0 = Release|Any CPU
	EndGlobalSection
	GlobalSection(SolutionProperties) = preSolution
		HideSolutionNode = FALSE
	EndGlobalSection
	GlobalSection(ExtensibilityGlobals) = postSolution
		SolutionGuid = {5544FB8B-6246-49AB-9663-43FF9B452B8E}
	EndGlobalSection
EndGlobal
